{
  "originHash" : "4d652e9f8e6fb01e1cefa0f59a1fe52118ef01d15b56fafd2f62cdbecc09f91c",
  "pins" : [
    {
      "identity" : "fluidaudio",
      "kind" : "remoteSourceControl",
      "location" : "https://github.com/rawcontext/FluidAudio.git",
      "state" : {
        "revision" : "b6c4da6936e6a9a4a826315ba94745a14bcf94a1"
      }
    }
  ],
  "version" : 3
}
